// !$*UTF8*$!
{
	archiveVersion = 1;
	classes = {
	};
	objectVersion = 45;
	objects = {

/* Begin PBXBuildFile section */
		1D3623260D0F684500981E51 /* ChemDrawAppDelegate.m in Sources */ = {isa = PBXBuildFile; fileRef = 1D3623250D0F684500981E51 /* ChemDrawAppDelegate.m */; };
		1D60589B0D05DD56006BFB54 /* main.m in Sources */ = {isa = PBXBuildFile; fileRef = 29B97316FDCFA39411CA2CEA /* main.m */; };
		1D60589F0D05DD5A006BFB54 /* Foundation.framework in Frameworks */ = {isa = PBXBuildFile; fileRef = 1D30AB110D05D00D00671497 /* Foundation.framework */; };
		1DF5F4E00D08C38300B7A737 /* UIKit.framework in Frameworks */ = {isa = PBXBuildFile; fileRef = 1DF5F4DF0D08C38300B7A737 /* UIKit.framework */; };
		288765A50DF7441C002DB57D /* CoreGraphics.framework in Frameworks */ = {isa = PBXBuildFile; fileRef = 288765A40DF7441C002DB57D /* CoreGraphics.framework */; };
		2899E5220DE3E06400AC0155 /* ChemDrawViewController.xib in Resources */ = {isa = PBXBuildFile; fileRef = 2899E5210DE3E06400AC0155 /* ChemDrawViewController.xib */; };
		28AD733F0D9D9553002E5188 /* MainWindow.xib in Resources */ = {isa = PBXBuildFile; fileRef = 28AD733E0D9D9553002E5188 /* MainWindow.xib */; };
		28D7ACF80DDB3853001CB0EB /* ChemDrawViewController.m in Sources */ = {isa = PBXBuildFile; fileRef = 28D7ACF70DDB3853001CB0EB /* ChemDrawViewController.m */; };
		DE2091440FF4E840001FECDA /* DrawView.m in Sources */ = {isa = PBXBuildFile; fileRef = DE2091430FF4E840001FECDA /* DrawView.m */; };
		DE2091FF0FF4F578001FECDA /* Node.m in Sources */ = {isa = PBXBuildFile; fileRef = DE2091FE0FF4F578001FECDA /* Node.m */; };
		DE2093480FF50B67001FECDA /* Bond.m in Sources */ = {isa = PBXBuildFile; fileRef = DE2093470FF50B67001FECDA /* Bond.m */; };
		DE4F4CD30FFCB05300DA8541 /* NodeMap.m in Sources */ = {isa = PBXBuildFile; fileRef = DE4F4CD20FFCB05300DA8541 /* NodeMap.m */; };
		DE4F4CD40FFCB05300DA8541 /* NodeMap.m in Sources */ = {isa = PBXBuildFile; fileRef = DE4F4CD20FFCB05300DA8541 /* NodeMap.m */; };
		DE4F4CDB0FFCB0A300DA8541 /* NodeMapTest.m in Sources */ = {isa = PBXBuildFile; fileRef = DE4F4CD90FFCB0A300DA8541 /* NodeMapTest.m */; };
		DE4F4D4D0FFCB8D500DA8541 /* BondMapTest.m in Sources */ = {isa = PBXBuildFile; fileRef = DE4F4D4C0FFCB8D500DA8541 /* BondMapTest.m */; };
		DE4F4D5A0FFCBA7300DA8541 /* BondMap.m in Sources */ = {isa = PBXBuildFile; fileRef = DE874F6F0FFA512400B1E023 /* BondMap.m */; };
		DE4F4DAA0FFCC68300DA8541 /* ObjectMapTest.m in Sources */ = {isa = PBXBuildFile; fileRef = DE4F4DA90FFCC68300DA8541 /* ObjectMapTest.m */; };
		DE4F4DAE0FFCC6C500DA8541 /* ObjectMap.m in Sources */ = {isa = PBXBuildFile; fileRef = DE4F4DAD0FFCC6C500DA8541 /* ObjectMap.m */; };
		DE4F4DAF0FFCC6C500DA8541 /* ObjectMap.m in Sources */ = {isa = PBXBuildFile; fileRef = DE4F4DAD0FFCC6C500DA8541 /* ObjectMap.m */; };
		DE4F55F00FFE070100DA8541 /* ProgramState.m in Sources */ = {isa = PBXBuildFile; fileRef = DE4F55EF0FFE070100DA8541 /* ProgramState.m */; };
		DE4F55F10FFE070100DA8541 /* ProgramState.m in Sources */ = {isa = PBXBuildFile; fileRef = DE4F55EF0FFE070100DA8541 /* ProgramState.m */; };
		DE874F700FFA512400B1E023 /* BondMap.m in Sources */ = {isa = PBXBuildFile; fileRef = DE874F6F0FFA512400B1E023 /* BondMap.m */; };
		DE874FBB0FFA596100B1E023 /* SenTestingKit.framework in Frameworks */ = {isa = PBXBuildFile; fileRef = DE874FBA0FFA596000B1E023 /* SenTestingKit.framework */; };
		DE874FF20FFA67F500B1E023 /* NodeTest.m in Sources */ = {isa = PBXBuildFile; fileRef = DE874FF10FFA67F500B1E023 /* NodeTest.m */; };
		DE8750160FFA690400B1E023 /* Node.m in Sources */ = {isa = PBXBuildFile; fileRef = DE2091FE0FF4F578001FECDA /* Node.m */; };
		DE89D1CC1006212A000037D7 /* QuartzCore.framework in Frameworks */ = {isa = PBXBuildFile; fileRef = DEE8C18B1003BAED004119FE /* QuartzCore.framework */; };
		DE89D28E10070F9B000037D7 /* PointObjectTest.m in Sources */ = {isa = PBXBuildFile; fileRef = DE89D28D10070F9B000037D7 /* PointObjectTest.m */; };
		DE89D72F100CAA12000037D7 /* Character.m in Sources */ = {isa = PBXBuildFile; fileRef = DE89D72E100CAA12000037D7 /* Character.m */; };
		DE89D730100CAA12000037D7 /* Character.m in Sources */ = {isa = PBXBuildFile; fileRef = DE89D72E100CAA12000037D7 /* Character.m */; };
		DE94643A0FFE743800F7AA88 /* AddNodeAction.m in Sources */ = {isa = PBXBuildFile; fileRef = DE9464390FFE743800F7AA88 /* AddNodeAction.m */; };
		DE94643B0FFE743800F7AA88 /* AddNodeAction.m in Sources */ = {isa = PBXBuildFile; fileRef = DE9464390FFE743800F7AA88 /* AddNodeAction.m */; };
		DE94643E0FFE744A00F7AA88 /* AddBondAction.m in Sources */ = {isa = PBXBuildFile; fileRef = DE94643D0FFE744A00F7AA88 /* AddBondAction.m */; };
		DE94643F0FFE744A00F7AA88 /* AddBondAction.m in Sources */ = {isa = PBXBuildFile; fileRef = DE94643D0FFE744A00F7AA88 /* AddBondAction.m */; };
		DE9464420FFE746C00F7AA88 /* ActionMap.m in Sources */ = {isa = PBXBuildFile; fileRef = DE9464410FFE746C00F7AA88 /* ActionMap.m */; };
		DE9464430FFE746C00F7AA88 /* ActionMap.m in Sources */ = {isa = PBXBuildFile; fileRef = DE9464410FFE746C00F7AA88 /* ActionMap.m */; };
		DE9464460FFE749200F7AA88 /* Action.m in Sources */ = {isa = PBXBuildFile; fileRef = DE9464450FFE749200F7AA88 /* Action.m */; };
		DE9464470FFE749200F7AA88 /* Action.m in Sources */ = {isa = PBXBuildFile; fileRef = DE9464450FFE749200F7AA88 /* Action.m */; };
		DE9465720FFE84FF00F7AA88 /* HighlightAction.m in Sources */ = {isa = PBXBuildFile; fileRef = DE9465710FFE84FF00F7AA88 /* HighlightAction.m */; };
		DE9465730FFE84FF00F7AA88 /* HighlightAction.m in Sources */ = {isa = PBXBuildFile; fileRef = DE9465710FFE84FF00F7AA88 /* HighlightAction.m */; };
		DE9465760FFE850600F7AA88 /* SelectAction.m in Sources */ = {isa = PBXBuildFile; fileRef = DE9465750FFE850600F7AA88 /* SelectAction.m */; };
		DE9465770FFE850600F7AA88 /* SelectAction.m in Sources */ = {isa = PBXBuildFile; fileRef = DE9465750FFE850600F7AA88 /* SelectAction.m */; };
		DE9465D50FFE8ADE00F7AA88 /* PotentialBondMap.m in Sources */ = {isa = PBXBuildFile; fileRef = DE9465D40FFE8ADE00F7AA88 /* PotentialBondMap.m */; };
		DE9465D60FFE8ADE00F7AA88 /* PotentialBondMap.m in Sources */ = {isa = PBXBuildFile; fileRef = DE9465D40FFE8ADE00F7AA88 /* PotentialBondMap.m */; };
		DE9465DB0FFE8BD400F7AA88 /* PotentialBond.m in Sources */ = {isa = PBXBuildFile; fileRef = DE9465DA0FFE8BD400F7AA88 /* PotentialBond.m */; };
		DE9465DC0FFE8BD400F7AA88 /* PotentialBond.m in Sources */ = {isa = PBXBuildFile; fileRef = DE9465DA0FFE8BD400F7AA88 /* PotentialBond.m */; };
		DEB16F7D0FFE528B00F8BE1B /* PointObject.m in Sources */ = {isa = PBXBuildFile; fileRef = DEB16F7C0FFE528B00F8BE1B /* PointObject.m */; };
		DEB16F7E0FFE528B00F8BE1B /* PointObject.m in Sources */ = {isa = PBXBuildFile; fileRef = DEB16F7C0FFE528B00F8BE1B /* PointObject.m */; };
		DED6FCC00FFB2A93008CE1A7 /* Arithmetic.m in Sources */ = {isa = PBXBuildFile; fileRef = DED6FCBF0FFB2A93008CE1A7 /* Arithmetic.m */; };
		DED6FCC10FFB2A93008CE1A7 /* Arithmetic.m in Sources */ = {isa = PBXBuildFile; fileRef = DED6FCBF0FFB2A93008CE1A7 /* Arithmetic.m */; };
		DED6FCCE0FFB2B3B008CE1A7 /* ArithmeticTest.m in Sources */ = {isa = PBXBuildFile; fileRef = DED6FCCD0FFB2B3B008CE1A7 /* ArithmeticTest.m */; };
		DED6FD390FFB3237008CE1A7 /* BondTest.m in Sources */ = {isa = PBXBuildFile; fileRef = DED6FD380FFB3237008CE1A7 /* BondTest.m */; };
		DED6FD8E0FFB37F5008CE1A7 /* Bond.m in Sources */ = {isa = PBXBuildFile; fileRef = DE2093470FF50B67001FECDA /* Bond.m */; };
		DEE8BCD6100350C5004119FE /* CoreFoundation.framework in Frameworks */ = {isa = PBXBuildFile; fileRef = DEE8BCD5100350C5004119FE /* CoreFoundation.framework */; };
		DEE8BCDC100350DF004119FE /* CoreGraphics.framework in Frameworks */ = {isa = PBXBuildFile; fileRef = 288765A40DF7441C002DB57D /* CoreGraphics.framework */; };
		DEE8BD4E10035687004119FE /* Element.m in Sources */ = {isa = PBXBuildFile; fileRef = DEE8BD4D10035687004119FE /* Element.m */; };
		DEE8BD4F10035687004119FE /* Element.m in Sources */ = {isa = PBXBuildFile; fileRef = DEE8BD4D10035687004119FE /* Element.m */; };
		DEE8BD60100356AE004119FE /* Oxygen.m in Sources */ = {isa = PBXBuildFile; fileRef = DEE8BD5F100356AE004119FE /* Oxygen.m */; };
		DEE8BD61100356AE004119FE /* Oxygen.m in Sources */ = {isa = PBXBuildFile; fileRef = DEE8BD5F100356AE004119FE /* Oxygen.m */; };
		DEE8BD64100356B5004119FE /* Nitrogen.m in Sources */ = {isa = PBXBuildFile; fileRef = DEE8BD63100356B5004119FE /* Nitrogen.m */; };
		DEE8BD65100356B5004119FE /* Nitrogen.m in Sources */ = {isa = PBXBuildFile; fileRef = DEE8BD63100356B5004119FE /* Nitrogen.m */; };
		DEE8BD68100356BD004119FE /* Carbon.m in Sources */ = {isa = PBXBuildFile; fileRef = DEE8BD67100356BD004119FE /* Carbon.m */; };
		DEE8BD69100356BD004119FE /* Carbon.m in Sources */ = {isa = PBXBuildFile; fileRef = DEE8BD67100356BD004119FE /* Carbon.m */; };
		DEE8BE1F10036367004119FE /* PointObjectMap.m in Sources */ = {isa = PBXBuildFile; fileRef = DEE8BE1E10036367004119FE /* PointObjectMap.m */; };
		DEE8BE2010036367004119FE /* PointObjectMap.m in Sources */ = {isa = PBXBuildFile; fileRef = DEE8BE1E10036367004119FE /* PointObjectMap.m */; };
		DEE8BFD110038318004119FE /* OpenGLES.framework in Frameworks */ = {isa = PBXBuildFile; fileRef = DEE8BFD010038318004119FE /* OpenGLES.framework */; };
		DEE8C18C1003BAED004119FE /* QuartzCore.framework in Frameworks */ = {isa = PBXBuildFile; fileRef = DEE8C18B1003BAED004119FE /* QuartzCore.framework */; };
/* End PBXBuildFile section */

/* Begin PBXFileReference section */
		1D30AB110D05D00D00671497 /* Foundation.framework */ = {isa = PBXFileReference; lastKnownFileType = wrapper.framework; name = Foundation.framework; path = System/Library/Frameworks/Foundation.framework; sourceTree = SDKROOT; };
		1D3623240D0F684500981E51 /* ChemDrawAppDelegate.h */ = {isa = PBXFileReference; fileEncoding = 4; lastKnownFileType = sourcecode.c.h; path = ChemDrawAppDelegate.h; sourceTree = "<group>"; };
		1D3623250D0F684500981E51 /* ChemDrawAppDelegate.m */ = {isa = PBXFileReference; fileEncoding = 4; lastKnownFileType = sourcecode.c.objc; path = ChemDrawAppDelegate.m; sourceTree = "<group>"; };
		1D6058910D05DD3D006BFB54 /* ChemDraw.app */ = {isa = PBXFileReference; explicitFileType = wrapper.application; includeInIndex = 0; path = ChemDraw.app; sourceTree = BUILT_PRODUCTS_DIR; };
		1DF5F4DF0D08C38300B7A737 /* UIKit.framework */ = {isa = PBXFileReference; lastKnownFileType = wrapper.framework; name = UIKit.framework; path = System/Library/Frameworks/UIKit.framework; sourceTree = SDKROOT; };
		288765A40DF7441C002DB57D /* CoreGraphics.framework */ = {isa = PBXFileReference; lastKnownFileType = wrapper.framework; name = CoreGraphics.framework; path = System/Library/Frameworks/CoreGraphics.framework; sourceTree = SDKROOT; };
		2899E5210DE3E06400AC0155 /* ChemDrawViewController.xib */ = {isa = PBXFileReference; lastKnownFileType = file.xib; path = ChemDrawViewController.xib; sourceTree = "<group>"; };
		28AD733E0D9D9553002E5188 /* MainWindow.xib */ = {isa = PBXFileReference; lastKnownFileType = file.xib; path = MainWindow.xib; sourceTree = "<group>"; };
		28D7ACF60DDB3853001CB0EB /* ChemDrawViewController.h */ = {isa = PBXFileReference; fileEncoding = 4; lastKnownFileType = sourcecode.c.h; path = ChemDrawViewController.h; sourceTree = "<group>"; };
		28D7ACF70DDB3853001CB0EB /* ChemDrawViewController.m */ = {isa = PBXFileReference; fileEncoding = 4; lastKnownFileType = sourcecode.c.objc; path = ChemDrawViewController.m; sourceTree = "<group>"; };
		29B97316FDCFA39411CA2CEA /* main.m */ = {isa = PBXFileReference; fileEncoding = 4; lastKnownFileType = sourcecode.c.objc; path = main.m; sourceTree = "<group>"; };
		32CA4F630368D1EE00C91783 /* ChemDraw_Prefix.pch */ = {isa = PBXFileReference; fileEncoding = 4; lastKnownFileType = sourcecode.c.h; path = ChemDraw_Prefix.pch; sourceTree = "<group>"; };
		8D1107310486CEB800E47090 /* Info.plist */ = {isa = PBXFileReference; fileEncoding = 4; lastKnownFileType = text.plist.xml; path = Info.plist; sourceTree = "<group>"; };
		DE2091420FF4E840001FECDA /* DrawView.h */ = {isa = PBXFileReference; fileEncoding = 4; lastKnownFileType = sourcecode.c.h; path = DrawView.h; sourceTree = "<group>"; };
		DE2091430FF4E840001FECDA /* DrawView.m */ = {isa = PBXFileReference; fileEncoding = 4; lastKnownFileType = sourcecode.c.objc; path = DrawView.m; sourceTree = "<group>"; };
		DE2091FD0FF4F578001FECDA /* Node.h */ = {isa = PBXFileReference; fileEncoding = 4; lastKnownFileType = sourcecode.c.h; path = Node.h; sourceTree = "<group>"; };
		DE2091FE0FF4F578001FECDA /* Node.m */ = {isa = PBXFileReference; fileEncoding = 4; lastKnownFileType = sourcecode.c.objc; path = Node.m; sourceTree = "<group>"; };
		DE2093460FF50B67001FECDA /* Bond.h */ = {isa = PBXFileReference; fileEncoding = 4; lastKnownFileType = sourcecode.c.h; path = Bond.h; sourceTree = "<group>"; };
		DE2093470FF50B67001FECDA /* Bond.m */ = {isa = PBXFileReference; fileEncoding = 4; lastKnownFileType = sourcecode.c.objc; path = Bond.m; sourceTree = "<group>"; };
		DE4F4CD10FFCB05300DA8541 /* NodeMap.h */ = {isa = PBXFileReference; fileEncoding = 4; lastKnownFileType = sourcecode.c.h; path = NodeMap.h; sourceTree = "<group>"; };
		DE4F4CD20FFCB05300DA8541 /* NodeMap.m */ = {isa = PBXFileReference; fileEncoding = 4; lastKnownFileType = sourcecode.c.objc; path = NodeMap.m; sourceTree = "<group>"; };
		DE4F4CD90FFCB0A300DA8541 /* NodeMapTest.m */ = {isa = PBXFileReference; fileEncoding = 4; lastKnownFileType = sourcecode.c.objc; path = NodeMapTest.m; sourceTree = "<group>"; };
		DE4F4D4C0FFCB8D500DA8541 /* BondMapTest.m */ = {isa = PBXFileReference; fileEncoding = 4; lastKnownFileType = sourcecode.c.objc; path = BondMapTest.m; sourceTree = "<group>"; };
		DE4F4DA90FFCC68300DA8541 /* ObjectMapTest.m */ = {isa = PBXFileReference; fileEncoding = 4; lastKnownFileType = sourcecode.c.objc; path = ObjectMapTest.m; sourceTree = "<group>"; };
		DE4F4DAC0FFCC6C500DA8541 /* ObjectMap.h */ = {isa = PBXFileReference; fileEncoding = 4; lastKnownFileType = sourcecode.c.h; path = ObjectMap.h; sourceTree = "<group>"; };
		DE4F4DAD0FFCC6C500DA8541 /* ObjectMap.m */ = {isa = PBXFileReference; fileEncoding = 4; lastKnownFileType = sourcecode.c.objc; path = ObjectMap.m; sourceTree = "<group>"; };
		DE4F55EE0FFE070100DA8541 /* ProgramState.h */ = {isa = PBXFileReference; fileEncoding = 4; lastKnownFileType = sourcecode.c.h; path = ProgramState.h; sourceTree = "<group>"; };
		DE4F55EF0FFE070100DA8541 /* ProgramState.m */ = {isa = PBXFileReference; fileEncoding = 4; lastKnownFileType = sourcecode.c.objc; path = ProgramState.m; sourceTree = "<group>"; };
		DE874F6E0FFA512400B1E023 /* BondMap.h */ = {isa = PBXFileReference; fileEncoding = 4; lastKnownFileType = sourcecode.c.h; path = BondMap.h; sourceTree = "<group>"; };
		DE874F6F0FFA512400B1E023 /* BondMap.m */ = {isa = PBXFileReference; fileEncoding = 4; lastKnownFileType = sourcecode.c.objc; path = BondMap.m; sourceTree = "<group>"; };
		DE874F8A0FFA592000B1E023 /* Test.octest */ = {isa = PBXFileReference; explicitFileType = wrapper.cfbundle; includeInIndex = 0; path = Test.octest; sourceTree = BUILT_PRODUCTS_DIR; };
		DE874F8B0FFA592000B1E023 /* Test-Info.plist */ = {isa = PBXFileReference; lastKnownFileType = text.plist.xml; path = "Test-Info.plist"; sourceTree = "<group>"; };
		DE874FBA0FFA596000B1E023 /* SenTestingKit.framework */ = {isa = PBXFileReference; lastKnownFileType = wrapper.framework; name = SenTestingKit.framework; path = Library/Frameworks/SenTestingKit.framework; sourceTree = DEVELOPER_DIR; };
		DE874FF10FFA67F500B1E023 /* NodeTest.m */ = {isa = PBXFileReference; fileEncoding = 4; lastKnownFileType = sourcecode.c.objc; path = NodeTest.m; sourceTree = "<group>"; };
		DE89D28D10070F9B000037D7 /* PointObjectTest.m */ = {isa = PBXFileReference; fileEncoding = 4; lastKnownFileType = sourcecode.c.objc; path = PointObjectTest.m; sourceTree = "<group>"; };
		DE89D72D100CAA12000037D7 /* Character.h */ = {isa = PBXFileReference; fileEncoding = 4; lastKnownFileType = sourcecode.c.h; path = Character.h; sourceTree = "<group>"; };
		DE89D72E100CAA12000037D7 /* Character.m */ = {isa = PBXFileReference; fileEncoding = 4; lastKnownFileType = sourcecode.c.objc; path = Character.m; sourceTree = "<group>"; };
		DE9464380FFE743800F7AA88 /* AddNodeAction.h */ = {isa = PBXFileReference; fileEncoding = 4; lastKnownFileType = sourcecode.c.h; path = AddNodeAction.h; sourceTree = "<group>"; };
		DE9464390FFE743800F7AA88 /* AddNodeAction.m */ = {isa = PBXFileReference; fileEncoding = 4; lastKnownFileType = sourcecode.c.objc; path = AddNodeAction.m; sourceTree = "<group>"; };
		DE94643C0FFE744A00F7AA88 /* AddBondAction.h */ = {isa = PBXFileReference; fileEncoding = 4; lastKnownFileType = sourcecode.c.h; path = AddBondAction.h; sourceTree = "<group>"; };
		DE94643D0FFE744A00F7AA88 /* AddBondAction.m */ = {isa = PBXFileReference; fileEncoding = 4; lastKnownFileType = sourcecode.c.objc; path = AddBondAction.m; sourceTree = "<group>"; };
		DE9464400FFE746C00F7AA88 /* ActionMap.h */ = {isa = PBXFileReference; fileEncoding = 4; lastKnownFileType = sourcecode.c.h; path = ActionMap.h; sourceTree = "<group>"; };
		DE9464410FFE746C00F7AA88 /* ActionMap.m */ = {isa = PBXFileReference; fileEncoding = 4; lastKnownFileType = sourcecode.c.objc; path = ActionMap.m; sourceTree = "<group>"; };
		DE9464440FFE749200F7AA88 /* Action.h */ = {isa = PBXFileReference; fileEncoding = 4; lastKnownFileType = sourcecode.c.h; path = Action.h; sourceTree = "<group>"; };
		DE9464450FFE749200F7AA88 /* Action.m */ = {isa = PBXFileReference; fileEncoding = 4; lastKnownFileType = sourcecode.c.objc; path = Action.m; sourceTree = "<group>"; };
		DE9465700FFE84FF00F7AA88 /* HighlightAction.h */ = {isa = PBXFileReference; fileEncoding = 4; lastKnownFileType = sourcecode.c.h; path = HighlightAction.h; sourceTree = "<group>"; };
		DE9465710FFE84FF00F7AA88 /* HighlightAction.m */ = {isa = PBXFileReference; fileEncoding = 4; lastKnownFileType = sourcecode.c.objc; path = HighlightAction.m; sourceTree = "<group>"; };
		DE9465740FFE850600F7AA88 /* SelectAction.h */ = {isa = PBXFileReference; fileEncoding = 4; lastKnownFileType = sourcecode.c.h; path = SelectAction.h; sourceTree = "<group>"; };
		DE9465750FFE850600F7AA88 /* SelectAction.m */ = {isa = PBXFileReference; fileEncoding = 4; lastKnownFileType = sourcecode.c.objc; path = SelectAction.m; sourceTree = "<group>"; };
		DE9465D30FFE8ADE00F7AA88 /* PotentialBondMap.h */ = {isa = PBXFileReference; fileEncoding = 4; lastKnownFileType = sourcecode.c.h; path = PotentialBondMap.h; sourceTree = "<group>"; };
		DE9465D40FFE8ADE00F7AA88 /* PotentialBondMap.m */ = {isa = PBXFileReference; fileEncoding = 4; lastKnownFileType = sourcecode.c.objc; path = PotentialBondMap.m; sourceTree = "<group>"; };
		DE9465D90FFE8BD400F7AA88 /* PotentialBond.h */ = {isa = PBXFileReference; fileEncoding = 4; lastKnownFileType = sourcecode.c.h; path = PotentialBond.h; sourceTree = "<group>"; };
		DE9465DA0FFE8BD400F7AA88 /* PotentialBond.m */ = {isa = PBXFileReference; fileEncoding = 4; lastKnownFileType = sourcecode.c.objc; path = PotentialBond.m; sourceTree = "<group>"; };
		DEB16F7B0FFE528B00F8BE1B /* PointObject.h */ = {isa = PBXFileReference; fileEncoding = 4; lastKnownFileType = sourcecode.c.h; path = PointObject.h; sourceTree = "<group>"; };
		DEB16F7C0FFE528B00F8BE1B /* PointObject.m */ = {isa = PBXFileReference; fileEncoding = 4; lastKnownFileType = sourcecode.c.objc; path = PointObject.m; sourceTree = "<group>"; };
		DED6FCBE0FFB2A93008CE1A7 /* Arithmetic.h */ = {isa = PBXFileReference; fileEncoding = 4; lastKnownFileType = sourcecode.c.h; path = Arithmetic.h; sourceTree = "<group>"; };
		DED6FCBF0FFB2A93008CE1A7 /* Arithmetic.m */ = {isa = PBXFileReference; fileEncoding = 4; lastKnownFileType = sourcecode.c.objc; path = Arithmetic.m; sourceTree = "<group>"; };
		DED6FCCD0FFB2B3B008CE1A7 /* ArithmeticTest.m */ = {isa = PBXFileReference; fileEncoding = 4; lastKnownFileType = sourcecode.c.objc; path = ArithmeticTest.m; sourceTree = "<group>"; };
		DED6FD380FFB3237008CE1A7 /* BondTest.m */ = {isa = PBXFileReference; fileEncoding = 4; lastKnownFileType = sourcecode.c.objc; path = BondTest.m; sourceTree = "<group>"; };
		DEE8BCD5100350C5004119FE /* CoreFoundation.framework */ = {isa = PBXFileReference; lastKnownFileType = wrapper.framework; name = CoreFoundation.framework; path = System/Library/Frameworks/CoreFoundation.framework; sourceTree = SDKROOT; };
		DEE8BD4C10035687004119FE /* Element.h */ = {isa = PBXFileReference; fileEncoding = 4; lastKnownFileType = sourcecode.c.h; path = Element.h; sourceTree = "<group>"; };
		DEE8BD4D10035687004119FE /* Element.m */ = {isa = PBXFileReference; fileEncoding = 4; lastKnownFileType = sourcecode.c.objc; path = Element.m; sourceTree = "<group>"; };
		DEE8BD5E100356AE004119FE /* Oxygen.h */ = {isa = PBXFileReference; fileEncoding = 4; lastKnownFileType = sourcecode.c.h; path = Oxygen.h; sourceTree = "<group>"; };
		DEE8BD5F100356AE004119FE /* Oxygen.m */ = {isa = PBXFileReference; fileEncoding = 4; lastKnownFileType = sourcecode.c.objc; path = Oxygen.m; sourceTree = "<group>"; };
		DEE8BD62100356B5004119FE /* Nitrogen.h */ = {isa = PBXFileReference; fileEncoding = 4; lastKnownFileType = sourcecode.c.h; path = Nitrogen.h; sourceTree = "<group>"; };
		DEE8BD63100356B5004119FE /* Nitrogen.m */ = {isa = PBXFileReference; fileEncoding = 4; lastKnownFileType = sourcecode.c.objc; path = Nitrogen.m; sourceTree = "<group>"; };
		DEE8BD66100356BD004119FE /* Carbon.h */ = {isa = PBXFileReference; fileEncoding = 4; lastKnownFileType = sourcecode.c.h; path = Carbon.h; sourceTree = "<group>"; };
		DEE8BD67100356BD004119FE /* Carbon.m */ = {isa = PBXFileReference; fileEncoding = 4; lastKnownFileType = sourcecode.c.objc; path = Carbon.m; sourceTree = "<group>"; };
		DEE8BE1D10036367004119FE /* PointObjectMap.h */ = {isa = PBXFileReference; fileEncoding = 4; lastKnownFileType = sourcecode.c.h; path = PointObjectMap.h; sourceTree = "<group>"; };
		DEE8BE1E10036367004119FE /* PointObjectMap.m */ = {isa = PBXFileReference; fileEncoding = 4; lastKnownFileType = sourcecode.c.objc; path = PointObjectMap.m; sourceTree = "<group>"; };
		DEE8BFD010038318004119FE /* OpenGLES.framework */ = {isa = PBXFileReference; lastKnownFileType = wrapper.framework; name = OpenGLES.framework; path = System/Library/Frameworks/OpenGLES.framework; sourceTree = SDKROOT; };
		DEE8C18B1003BAED004119FE /* QuartzCore.framework */ = {isa = PBXFileReference; lastKnownFileType = wrapper.framework; name = QuartzCore.framework; path = System/Library/Frameworks/QuartzCore.framework; sourceTree = SDKROOT; };
/* End PBXFileReference section */

/* Begin PBXFrameworksBuildPhase section */
		1D60588F0D05DD3D006BFB54 /* Frameworks */ = {
			isa = PBXFrameworksBuildPhase;
			buildActionMask = 2147483647;
			files = (
				1D60589F0D05DD5A006BFB54 /* Foundation.framework in Frameworks */,
				1DF5F4E00D08C38300B7A737 /* UIKit.framework in Frameworks */,
				288765A50DF7441C002DB57D /* CoreGraphics.framework in Frameworks */,
				DEE8BFD110038318004119FE /* OpenGLES.framework in Frameworks */,
				DEE8C18C1003BAED004119FE /* QuartzCore.framework in Frameworks */,
			);
			runOnlyForDeploymentPostprocessing = 0;
		};
		DE874F870FFA592000B1E023 /* Frameworks */ = {
			isa = PBXFrameworksBuildPhase;
			buildActionMask = 2147483647;
			files = (
				DE874FBB0FFA596100B1E023 /* SenTestingKit.framework in Frameworks */,
				DEE8BCD6100350C5004119FE /* CoreFoundation.framework in Frameworks */,
				DEE8BCDC100350DF004119FE /* CoreGraphics.framework in Frameworks */,
				DE89D1CC1006212A000037D7 /* QuartzCore.framework in Frameworks */,
			);
			runOnlyForDeploymentPostprocessing = 0;
		};
/* End PBXFrameworksBuildPhase section */

/* Begin PBXGroup section */
		080E96DDFE201D6D7F000001 /* Classes */ = {
			isa = PBXGroup;
			children = (
				1D3623240D0F684500981E51 /* ChemDrawAppDelegate.h */,
				1D3623250D0F684500981E51 /* ChemDrawAppDelegate.m */,
				DE89D87F100CD6CB000037D7 /* Controllers */,
				DE89D880100CD6D1000037D7 /* Views */,
				DE89D850100CD5E3000037D7 /* Models */,
				DE89D87A100CD66A000037D7 /* Helpers */,
				DE4F55EE0FFE070100DA8541 /* ProgramState.h */,
				DE4F55EF0FFE070100DA8541 /* ProgramState.m */,
				DE9464380FFE743800F7AA88 /* AddNodeAction.h */,
				DE9464390FFE743800F7AA88 /* AddNodeAction.m */,
				DE94643C0FFE744A00F7AA88 /* AddBondAction.h */,
				DE94643D0FFE744A00F7AA88 /* AddBondAction.m */,
				DE9464400FFE746C00F7AA88 /* ActionMap.h */,
				DE9464410FFE746C00F7AA88 /* ActionMap.m */,
				DE9464440FFE749200F7AA88 /* Action.h */,
				DE9464450FFE749200F7AA88 /* Action.m */,
				DE9465700FFE84FF00F7AA88 /* HighlightAction.h */,
				DE9465710FFE84FF00F7AA88 /* HighlightAction.m */,
				DE9465740FFE850600F7AA88 /* SelectAction.h */,
				DE9465750FFE850600F7AA88 /* SelectAction.m */,
			);
			path = Classes;
			sourceTree = "<group>";
		};
		19C28FACFE9D520D11CA2CBB /* Products */ = {
			isa = PBXGroup;
			children = (
				1D6058910D05DD3D006BFB54 /* ChemDraw.app */,
				DE874F8A0FFA592000B1E023 /* Test.octest */,
			);
			name = Products;
			sourceTree = "<group>";
		};
		29B97314FDCFA39411CA2CEA /* CustomTemplate */ = {
			isa = PBXGroup;
			children = (
				DE874FBF0FFA597200B1E023 /* Test */,
				080E96DDFE201D6D7F000001 /* Classes */,
				29B97315FDCFA39411CA2CEA /* Other Sources */,
				29B97317FDCFA39411CA2CEA /* Resources */,
				29B97323FDCFA39411CA2CEA /* Frameworks */,
				19C28FACFE9D520D11CA2CBB /* Products */,
				DE874F8B0FFA592000B1E023 /* Test-Info.plist */,
				DEE8BCD5100350C5004119FE /* CoreFoundation.framework */,
				DEE8BFD010038318004119FE /* OpenGLES.framework */,
				DEE8C18B1003BAED004119FE /* QuartzCore.framework */,
			);
			name = CustomTemplate;
			sourceTree = "<group>";
		};
		29B97315FDCFA39411CA2CEA /* Other Sources */ = {
			isa = PBXGroup;
			children = (
				32CA4F630368D1EE00C91783 /* ChemDraw_Prefix.pch */,
				29B97316FDCFA39411CA2CEA /* main.m */,
			);
			name = "Other Sources";
			sourceTree = "<group>";
		};
		29B97317FDCFA39411CA2CEA /* Resources */ = {
			isa = PBXGroup;
			children = (
				2899E5210DE3E06400AC0155 /* ChemDrawViewController.xib */,
				28AD733E0D9D9553002E5188 /* MainWindow.xib */,
				8D1107310486CEB800E47090 /* Info.plist */,
			);
			name = Resources;
			sourceTree = "<group>";
		};
		29B97323FDCFA39411CA2CEA /* Frameworks */ = {
			isa = PBXGroup;
			children = (
				DE874FBA0FFA596000B1E023 /* SenTestingKit.framework */,
				1DF5F4DF0D08C38300B7A737 /* UIKit.framework */,
				1D30AB110D05D00D00671497 /* Foundation.framework */,
				288765A40DF7441C002DB57D /* CoreGraphics.framework */,
			);
			name = Frameworks;
			sourceTree = "<group>";
		};
		DE874FBF0FFA597200B1E023 /* Test */ = {
			isa = PBXGroup;
			children = (
				DE874FF10FFA67F500B1E023 /* NodeTest.m */,
				DED6FCCD0FFB2B3B008CE1A7 /* ArithmeticTest.m */,
				DED6FD380FFB3237008CE1A7 /* BondTest.m */,
				DE4F4CD90FFCB0A300DA8541 /* NodeMapTest.m */,
				DE4F4D4C0FFCB8D500DA8541 /* BondMapTest.m */,
				DE4F4DA90FFCC68300DA8541 /* ObjectMapTest.m */,
				DE89D28D10070F9B000037D7 /* PointObjectTest.m */,
			);
			name = Test;
			sourceTree = "<group>";
		};
		DE89D850100CD5E3000037D7 /* Models */ = {
			isa = PBXGroup;
			children = (
				DE89D87B100CD697000037D7 /* Maps */,
				DEB16F7B0FFE528B00F8BE1B /* PointObject.h */,
				DEB16F7C0FFE528B00F8BE1B /* PointObject.m */,
				DE9465D90FFE8BD400F7AA88 /* PotentialBond.h */,
				DE9465DA0FFE8BD400F7AA88 /* PotentialBond.m */,
				DE89D87C100CD6AC000037D7 /* Elements */,
				DE2091FD0FF4F578001FECDA /* Node.h */,
				DE2091FE0FF4F578001FECDA /* Node.m */,
				DE2093460FF50B67001FECDA /* Bond.h */,
				DE2093470FF50B67001FECDA /* Bond.m */,
			);
			name = Models;
			sourceTree = "<group>";
		};
		DE89D87A100CD66A000037D7 /* Helpers */ = {
			isa = PBXGroup;
			children = (
				DE89D72D100CAA12000037D7 /* Character.h */,
				DE89D72E100CAA12000037D7 /* Character.m */,
				DED6FCBE0FFB2A93008CE1A7 /* Arithmetic.h */,
				DED6FCBF0FFB2A93008CE1A7 /* Arithmetic.m */,
			);
			name = Helpers;
			sourceTree = "<group>";
		};
		DE89D87B100CD697000037D7 /* Maps */ = {
			isa = PBXGroup;
			children = (
				DE4F4CD10FFCB05300DA8541 /* NodeMap.h */,
				DE4F4CD20FFCB05300DA8541 /* NodeMap.m */,
				DEE8BE1D10036367004119FE /* PointObjectMap.h */,
				DEE8BE1E10036367004119FE /* PointObjectMap.m */,
				DE874F6E0FFA512400B1E023 /* BondMap.h */,
				DE874F6F0FFA512400B1E023 /* BondMap.m */,
				DE9465D30FFE8ADE00F7AA88 /* PotentialBondMap.h */,
				DE9465D40FFE8ADE00F7AA88 /* PotentialBondMap.m */,
				DE4F4DAC0FFCC6C500DA8541 /* ObjectMap.h */,
				DE4F4DAD0FFCC6C500DA8541 /* ObjectMap.m */,
			);
			name = Maps;
			sourceTree = "<group>";
		};
		DE89D87C100CD6AC000037D7 /* Elements */ = {
			isa = PBXGroup;
			children = (
				DEE8BD4C10035687004119FE /* Element.h */,
				DEE8BD4D10035687004119FE /* Element.m */,
				DEE8BD5E100356AE004119FE /* Oxygen.h */,
				DEE8BD5F100356AE004119FE /* Oxygen.m */,
				DEE8BD62100356B5004119FE /* Nitrogen.h */,
				DEE8BD63100356B5004119FE /* Nitrogen.m */,
				DEE8BD66100356BD004119FE /* Carbon.h */,
				DEE8BD67100356BD004119FE /* Carbon.m */,
			);
			name = Elements;
			sourceTree = "<group>";
		};
		DE89D87F100CD6CB000037D7 /* Controllers */ = {
			isa = PBXGroup;
			children = (
				28D7ACF60DDB3853001CB0EB /* ChemDrawViewController.h */,
				28D7ACF70DDB3853001CB0EB /* ChemDrawViewController.m */,
			);
			name = Controllers;
			sourceTree = "<group>";
		};
		DE89D880100CD6D1000037D7 /* Views */ = {
			isa = PBXGroup;
			children = (
				DE2091420FF4E840001FECDA /* DrawView.h */,
				DE2091430FF4E840001FECDA /* DrawView.m */,
			);
			name = Views;
			sourceTree = "<group>";
		};
/* End PBXGroup section */

/* Begin PBXNativeTarget section */
		1D6058900D05DD3D006BFB54 /* ChemDraw */ = {
			isa = PBXNativeTarget;
			buildConfigurationList = 1D6058960D05DD3E006BFB54 /* Build configuration list for PBXNativeTarget "ChemDraw" */;
			buildPhases = (
				1D60588D0D05DD3D006BFB54 /* Resources */,
				1D60588E0D05DD3D006BFB54 /* Sources */,
				1D60588F0D05DD3D006BFB54 /* Frameworks */,
			);
			buildRules = (
			);
			dependencies = (
			);
			name = ChemDraw;
			productName = ChemDraw;
			productReference = 1D6058910D05DD3D006BFB54 /* ChemDraw.app */;
			productType = "com.apple.product-type.application";
		};
		DE874F890FFA592000B1E023 /* Test */ = {
			isa = PBXNativeTarget;
			buildConfigurationList = DE874F8E0FFA592200B1E023 /* Build configuration list for PBXNativeTarget "Test" */;
			buildPhases = (
				DE874F850FFA592000B1E023 /* Resources */,
				DE874F860FFA592000B1E023 /* Sources */,
				DE874F870FFA592000B1E023 /* Frameworks */,
				DE874F880FFA592000B1E023 /* ShellScript */,
			);
			buildRules = (
			);
			dependencies = (
			);
			name = Test;
			productName = Test;
			productReference = DE874F8A0FFA592000B1E023 /* Test.octest */;
			productType = "com.apple.product-type.bundle";
		};
/* End PBXNativeTarget section */

/* Begin PBXProject section */
		29B97313FDCFA39411CA2CEA /* Project object */ = {
			isa = PBXProject;
			buildConfigurationList = C01FCF4E08A954540054247B /* Build configuration list for PBXProject "ChemDraw" */;
			compatibilityVersion = "Xcode 3.1";
			hasScannedForEncodings = 1;
			mainGroup = 29B97314FDCFA39411CA2CEA /* CustomTemplate */;
			projectDirPath = "";
			projectRoot = "";
			targets = (
				1D6058900D05DD3D006BFB54 /* ChemDraw */,
				DE874F890FFA592000B1E023 /* Test */,
			);
		};
/* End PBXProject section */

/* Begin PBXResourcesBuildPhase section */
		1D60588D0D05DD3D006BFB54 /* Resources */ = {
			isa = PBXResourcesBuildPhase;
			buildActionMask = 2147483647;
			files = (
				28AD733F0D9D9553002E5188 /* MainWindow.xib in Resources */,
				2899E5220DE3E06400AC0155 /* ChemDrawViewController.xib in Resources */,
			);
			runOnlyForDeploymentPostprocessing = 0;
		};
		DE874F850FFA592000B1E023 /* Resources */ = {
			isa = PBXResourcesBuildPhase;
			buildActionMask = 2147483647;
			files = (
			);
			runOnlyForDeploymentPostprocessing = 0;
		};
/* End PBXResourcesBuildPhase section */

/* Begin PBXShellScriptBuildPhase section */
		DE874F880FFA592000B1E023 /* ShellScript */ = {
			isa = PBXShellScriptBuildPhase;
			buildActionMask = 2147483647;
			files = (
			);
			inputPaths = (
			);
			outputPaths = (
			);
			runOnlyForDeploymentPostprocessing = 0;
			shellPath = /bin/sh;
			shellScript = "# Run the unit tests in this test bundle.\n\"${SYSTEM_DEVELOPER_DIR}/Tools/RunUnitTests\"\n";
		};
/* End PBXShellScriptBuildPhase section */

/* Begin PBXSourcesBuildPhase section */
		1D60588E0D05DD3D006BFB54 /* Sources */ = {
			isa = PBXSourcesBuildPhase;
			buildActionMask = 2147483647;
			files = (
				1D60589B0D05DD56006BFB54 /* main.m in Sources */,
				1D3623260D0F684500981E51 /* ChemDrawAppDelegate.m in Sources */,
				28D7ACF80DDB3853001CB0EB /* ChemDrawViewController.m in Sources */,
				DE2091440FF4E840001FECDA /* DrawView.m in Sources */,
				DE2091FF0FF4F578001FECDA /* Node.m in Sources */,
				DE2093480FF50B67001FECDA /* Bond.m in Sources */,
				DE874F700FFA512400B1E023 /* BondMap.m in Sources */,
				DED6FCC00FFB2A93008CE1A7 /* Arithmetic.m in Sources */,
				DE4F4CD40FFCB05300DA8541 /* NodeMap.m in Sources */,
				DE4F4DAE0FFCC6C500DA8541 /* ObjectMap.m in Sources */,
				DE4F55F00FFE070100DA8541 /* ProgramState.m in Sources */,
				DEB16F7E0FFE528B00F8BE1B /* PointObject.m in Sources */,
				DE94643A0FFE743800F7AA88 /* AddNodeAction.m in Sources */,
				DE94643F0FFE744A00F7AA88 /* AddBondAction.m in Sources */,
				DE9464430FFE746C00F7AA88 /* ActionMap.m in Sources */,
				DE9464470FFE749200F7AA88 /* Action.m in Sources */,
				DE9465730FFE84FF00F7AA88 /* HighlightAction.m in Sources */,
				DE9465770FFE850600F7AA88 /* SelectAction.m in Sources */,
				DE9465D60FFE8ADE00F7AA88 /* PotentialBondMap.m in Sources */,
				DE9465DC0FFE8BD400F7AA88 /* PotentialBond.m in Sources */,
				DEE8BD4E10035687004119FE /* Element.m in Sources */,
				DEE8BD60100356AE004119FE /* Oxygen.m in Sources */,
				DEE8BD64100356B5004119FE /* Nitrogen.m in Sources */,
				DEE8BD68100356BD004119FE /* Carbon.m in Sources */,
				DEE8BE2010036367004119FE /* PointObjectMap.m in Sources */,
				DE89D730100CAA12000037D7 /* Character.m in Sources */,
			);
			runOnlyForDeploymentPostprocessing = 0;
		};
		DE874F860FFA592000B1E023 /* Sources */ = {
			isa = PBXSourcesBuildPhase;
			buildActionMask = 2147483647;
			files = (
				DE874FF20FFA67F500B1E023 /* NodeTest.m in Sources */,
				DE8750160FFA690400B1E023 /* Node.m in Sources */,
				DED6FCC10FFB2A93008CE1A7 /* Arithmetic.m in Sources */,
				DED6FCCE0FFB2B3B008CE1A7 /* ArithmeticTest.m in Sources */,
				DED6FD390FFB3237008CE1A7 /* BondTest.m in Sources */,
				DED6FD8E0FFB37F5008CE1A7 /* Bond.m in Sources */,
				DE4F4CD30FFCB05300DA8541 /* NodeMap.m in Sources */,
				DE4F4CDB0FFCB0A300DA8541 /* NodeMapTest.m in Sources */,
				DE4F4D4D0FFCB8D500DA8541 /* BondMapTest.m in Sources */,
				DE4F4D5A0FFCBA7300DA8541 /* BondMap.m in Sources */,
				DE4F4DAA0FFCC68300DA8541 /* ObjectMapTest.m in Sources */,
				DE4F4DAF0FFCC6C500DA8541 /* ObjectMap.m in Sources */,
				DE4F55F10FFE070100DA8541 /* ProgramState.m in Sources */,
				DEB16F7D0FFE528B00F8BE1B /* PointObject.m in Sources */,
				DE94643B0FFE743800F7AA88 /* AddNodeAction.m in Sources */,
				DE94643E0FFE744A00F7AA88 /* AddBondAction.m in Sources */,
				DE9464420FFE746C00F7AA88 /* ActionMap.m in Sources */,
				DE9464460FFE749200F7AA88 /* Action.m in Sources */,
				DE9465720FFE84FF00F7AA88 /* HighlightAction.m in Sources */,
				DE9465760FFE850600F7AA88 /* SelectAction.m in Sources */,
				DE9465D50FFE8ADE00F7AA88 /* PotentialBondMap.m in Sources */,
				DE9465DB0FFE8BD400F7AA88 /* PotentialBond.m in Sources */,
				DEE8BD4F10035687004119FE /* Element.m in Sources */,
				DEE8BD61100356AE004119FE /* Oxygen.m in Sources */,
				DEE8BD65100356B5004119FE /* Nitrogen.m in Sources */,
				DEE8BD69100356BD004119FE /* Carbon.m in Sources */,
				DEE8BE1F10036367004119FE /* PointObjectMap.m in Sources */,
				DE89D28E10070F9B000037D7 /* PointObjectTest.m in Sources */,
				DE89D72F100CAA12000037D7 /* Character.m in Sources */,
			);
			runOnlyForDeploymentPostprocessing = 0;
		};
/* End PBXSourcesBuildPhase section */

/* Begin XCBuildConfiguration section */
		1D6058940D05DD3E006BFB54 /* Debug */ = {
			isa = XCBuildConfiguration;
			buildSettings = {
				ALWAYS_SEARCH_USER_PATHS = NO;
				COPY_PHASE_STRIP = NO;
				GCC_DYNAMIC_NO_PIC = NO;
				GCC_OPTIMIZATION_LEVEL = 0;
				GCC_PRECOMPILE_PREFIX_HEADER = YES;
				GCC_PREFIX_HEADER = ChemDraw_Prefix.pch;
				INFOPLIST_FILE = Info.plist;
				PRODUCT_NAME = ChemDraw;
			};
			name = Debug;
		};
		1D6058950D05DD3E006BFB54 /* Release */ = {
			isa = XCBuildConfiguration;
			buildSettings = {
				ALWAYS_SEARCH_USER_PATHS = NO;
				COPY_PHASE_STRIP = YES;
				GCC_PRECOMPILE_PREFIX_HEADER = YES;
				GCC_PREFIX_HEADER = ChemDraw_Prefix.pch;
				INFOPLIST_FILE = Info.plist;
				PRODUCT_NAME = ChemDraw;
			};
			name = Release;
		};
		C01FCF4F08A954540054247B /* Debug */ = {
			isa = XCBuildConfiguration;
			buildSettings = {
				ARCHS = "$(ARCHS_STANDARD_32_BIT)";
				"CODE_SIGN_IDENTITY[sdk=iphoneos*]" = "iPhone Developer: Kevin Edwards";
				GCC_C_LANGUAGE_STANDARD = c99;
				GCC_WARN_ABOUT_RETURN_TYPE = YES;
				GCC_WARN_UNUSED_VARIABLE = YES;
				ONLY_ACTIVE_ARCH = YES;
				PREBINDING = NO;
				"PROVISIONING_PROFILE[sdk=iphoneos*]" = "168E2A24-ECBE-4116-87D0-72FA113A4B09";
				SDKROOT = iphoneos2.2.1;
			};
			name = Debug;
		};
		C01FCF5008A954540054247B /* Release */ = {
			isa = XCBuildConfiguration;
			buildSettings = {
				ARCHS = "$(ARCHS_STANDARD_32_BIT)";
				"CODE_SIGN_IDENTITY[sdk=iphoneos*]" = "iPhone Developer";
				GCC_C_LANGUAGE_STANDARD = c99;
				GCC_WARN_ABOUT_RETURN_TYPE = YES;
				GCC_WARN_UNUSED_VARIABLE = YES;
				PREBINDING = NO;
				SDKROOT = iphoneos2.2.1;
			};
			name = Release;
		};
		DE874F8C0FFA592200B1E023 /* Debug */ = {
			isa = XCBuildConfiguration;
			buildSettings = {
				ALWAYS_SEARCH_USER_PATHS = NO;
				COPY_PHASE_STRIP = NO;
				FRAMEWORK_SEARCH_PATHS = "$(DEVELOPER_LIBRARY_DIR)/Frameworks";
				GCC_DYNAMIC_NO_PIC = NO;
				GCC_ENABLE_FIX_AND_CONTINUE = NO;
				GCC_ENABLE_OBJC_EXCEPTIONS = YES;
				GCC_OPTIMIZATION_LEVEL = 0;
				INFOPLIST_FILE = "Test-Info.plist";
				OTHER_LDFLAGS = (
					"-framework",
					Foundation,
					"-framework",
					SenTestingKit,
					"-framework",
					UIKit,
				);
				PREBINDING = NO;
				PRODUCT_NAME = Test;
				WRAPPER_EXTENSION = octest;
			};
			name = Debug;
		};
		DE874F8D0FFA592200B1E023 /* Release */ = {
			isa = XCBuildConfiguration;
			buildSettings = {
				ALWAYS_SEARCH_USER_PATHS = NO;
				COPY_PHASE_STRIP = YES;
				DEBUG_INFORMATION_FORMAT = "dwarf-with-dsym";
				FRAMEWORK_SEARCH_PATHS = "$(DEVELOPER_LIBRARY_DIR)/Frameworks";
				GCC_ENABLE_FIX_AND_CONTINUE = NO;
				GCC_ENABLE_OBJC_EXCEPTIONS = YES;
				INFOPLIST_FILE = "Test-Info.plist";
				OTHER_LDFLAGS = (
					"-framework",
					Foundation,
					"-framework",
					SenTestingKit,
					"-framework",
					UIKit,
				);
				PREBINDING = NO;
				PRODUCT_NAME = Test;
				WRAPPER_EXTENSION = octest;
				ZERO_LINK = NO;
			};
			name = Release;
		};
/* End XCBuildConfiguration section */

/* Begin XCConfigurationList section */
		1D6058960D05DD3E006BFB54 /* Build configuration list for PBXNativeTarget "ChemDraw" */ = {
			isa = XCConfigurationList;
			buildConfigurations = (
				1D6058940D05DD3E006BFB54 /* Debug */,
				1D6058950D05DD3E006BFB54 /* Release */,
			);
			defaultConfigurationIsVisible = 0;
			defaultConfigurationName = Release;
		};
		C01FCF4E08A954540054247B /* Build configuration list for PBXProject "ChemDraw" */ = {
			isa = XCConfigurationList;
			buildConfigurations = (
				C01FCF4F08A954540054247B /* Debug */,
				C01FCF5008A954540054247B /* Release */,
			);
			defaultConfigurationIsVisible = 0;
			defaultConfigurationName = Release;
		};
		DE874F8E0FFA592200B1E023 /* Build configuration list for PBXNativeTarget "Test" */ = {
			isa = XCConfigurationList;
			buildConfigurations = (
				DE874F8C0FFA592200B1E023 /* Debug */,
				DE874F8D0FFA592200B1E023 /* Release */,
			);
			defaultConfigurationIsVisible = 0;
			defaultConfigurationName = Release;
		};
/* End XCConfigurationList section */
	};
	rootObject = 29B97313FDCFA39411CA2CEA /* Project object */;
}
