// !$*UTF8*$!
{
	archiveVersion = 1;
	classes = {
	};
	objectVersion = 45;
	objects = {

/* Begin PBXBuildFile section */
		1D3623260D0F684500981E51 /* ChemDrawAppDelegate.m in Sources */ = {isa = PBXBuildFile; fileRef = 1D3623250D0F684500981E51 /* ChemDrawAppDelegate.m */; };
		1D60589B0D05DD56006BFB54 /* main.m in Sources */ = {isa = PBXBuildFile; fileRef = 29B97316FDCFA39411CA2CEA /* main.m */; };
		1D60589F0D05DD5A006BFB54 /* Foundation.framework in Frameworks */ = {isa = PBXBuildFile; fileRef = 1D30AB110D05D00D00671497 /* Foundation.framework */; };
		1DF5F4E00D08C38300B7A737 /* UIKit.framework in Frameworks */ = {isa = PBXBuildFile; fileRef = 1DF5F4DF0D08C38300B7A737 /* UIKit.framework */; };
		288765A50DF7441C002DB57D /* CoreGraphics.framework in Frameworks */ = {isa = PBXBuildFile; fileRef = 288765A40DF7441C002DB57D /* CoreGraphics.framework */; };
		2899E5220DE3E06400AC0155 /* ChemDrawViewController.xib in Resources */ = {isa = PBXBuildFile; fileRef = 2899E5210DE3E06400AC0155 /* ChemDrawViewController.xib */; };
		28AD733F0D9D9553002E5188 /* MainWindow.xib in Resources */ = {isa = PBXBuildFile; fileRef = 28AD733E0D9D9553002E5188 /* MainWindow.xib */; };
		28D7ACF80DDB3853001CB0EB /* ChemDrawViewController.m in Sources */ = {isa = PBXBuildFile; fileRef = 28D7ACF70DDB3853001CB0EB /* ChemDrawViewController.m */; };
		DE2091440FF4E840001FECDA /* DrawView.m in Sources */ = {isa = PBXBuildFile; fileRef = DE2091430FF4E840001FECDA /* DrawView.m */; };
		DE2091FF0FF4F578001FECDA /* Node.m in Sources */ = {isa = PBXBuildFile; fileRef = DE2091FE0FF4F578001FECDA /* Node.m */; };
		DE2093480FF50B67001FECDA /* Edge.m in Sources */ = {isa = PBXBuildFile; fileRef = DE2093470FF50B67001FECDA /* Edge.m */; };
		DE4F4CD30FFCB05300DA8541 /* NodeMap.m in Sources */ = {isa = PBXBuildFile; fileRef = DE4F4CD20FFCB05300DA8541 /* NodeMap.m */; };
		DE4F4CD40FFCB05300DA8541 /* NodeMap.m in Sources */ = {isa = PBXBuildFile; fileRef = DE4F4CD20FFCB05300DA8541 /* NodeMap.m */; };
		DE4F4CDB0FFCB0A300DA8541 /* NodeMapTest.m in Sources */ = {isa = PBXBuildFile; fileRef = DE4F4CD90FFCB0A300DA8541 /* NodeMapTest.m */; };
		DE4F4D4D0FFCB8D500DA8541 /* EdgeMapTest.m in Sources */ = {isa = PBXBuildFile; fileRef = DE4F4D4C0FFCB8D500DA8541 /* EdgeMapTest.m */; };
		DE4F4D5A0FFCBA7300DA8541 /* EdgeMap.m in Sources */ = {isa = PBXBuildFile; fileRef = DE874F6F0FFA512400B1E023 /* EdgeMap.m */; };
		DE4F4DAA0FFCC68300DA8541 /* ObjectMapTest.m in Sources */ = {isa = PBXBuildFile; fileRef = DE4F4DA90FFCC68300DA8541 /* ObjectMapTest.m */; };
		DE4F4DAE0FFCC6C500DA8541 /* ObjectMap.m in Sources */ = {isa = PBXBuildFile; fileRef = DE4F4DAD0FFCC6C500DA8541 /* ObjectMap.m */; };
		DE4F4DAF0FFCC6C500DA8541 /* ObjectMap.m in Sources */ = {isa = PBXBuildFile; fileRef = DE4F4DAD0FFCC6C500DA8541 /* ObjectMap.m */; };
		DE874F700FFA512400B1E023 /* EdgeMap.m in Sources */ = {isa = PBXBuildFile; fileRef = DE874F6F0FFA512400B1E023 /* EdgeMap.m */; };
		DE874FBB0FFA596100B1E023 /* SenTestingKit.framework in Frameworks */ = {isa = PBXBuildFile; fileRef = DE874FBA0FFA596000B1E023 /* SenTestingKit.framework */; };
		DE874FF20FFA67F500B1E023 /* NodeTest.m in Sources */ = {isa = PBXBuildFile; fileRef = DE874FF10FFA67F500B1E023 /* NodeTest.m */; };
		DE8750160FFA690400B1E023 /* Node.m in Sources */ = {isa = PBXBuildFile; fileRef = DE2091FE0FF4F578001FECDA /* Node.m */; };
		DED6FCC00FFB2A93008CE1A7 /* Arithmetic.m in Sources */ = {isa = PBXBuildFile; fileRef = DED6FCBF0FFB2A93008CE1A7 /* Arithmetic.m */; };
		DED6FCC10FFB2A93008CE1A7 /* Arithmetic.m in Sources */ = {isa = PBXBuildFile; fileRef = DED6FCBF0FFB2A93008CE1A7 /* Arithmetic.m */; };
		DED6FCCE0FFB2B3B008CE1A7 /* ArithmeticTest.m in Sources */ = {isa = PBXBuildFile; fileRef = DED6FCCD0FFB2B3B008CE1A7 /* ArithmeticTest.m */; };
		DED6FD390FFB3237008CE1A7 /* EdgeTest.m in Sources */ = {isa = PBXBuildFile; fileRef = DED6FD380FFB3237008CE1A7 /* EdgeTest.m */; };
		DED6FD8E0FFB37F5008CE1A7 /* Edge.m in Sources */ = {isa = PBXBuildFile; fileRef = DE2093470FF50B67001FECDA /* Edge.m */; };
/* End PBXBuildFile section */

/* Begin PBXFileReference section */
		1D30AB110D05D00D00671497 /* Foundation.framework */ = {isa = PBXFileReference; lastKnownFileType = wrapper.framework; name = Foundation.framework; path = System/Library/Frameworks/Foundation.framework; sourceTree = SDKROOT; };
		1D3623240D0F684500981E51 /* ChemDrawAppDelegate.h */ = {isa = PBXFileReference; fileEncoding = 4; lastKnownFileType = sourcecode.c.h; path = ChemDrawAppDelegate.h; sourceTree = "<group>"; };
		1D3623250D0F684500981E51 /* ChemDrawAppDelegate.m */ = {isa = PBXFileReference; fileEncoding = 4; lastKnownFileType = sourcecode.c.objc; path = ChemDrawAppDelegate.m; sourceTree = "<group>"; };
		1D6058910D05DD3D006BFB54 /* ChemDraw.app */ = {isa = PBXFileReference; explicitFileType = wrapper.application; includeInIndex = 0; path = ChemDraw.app; sourceTree = BUILT_PRODUCTS_DIR; };
		1DF5F4DF0D08C38300B7A737 /* UIKit.framework */ = {isa = PBXFileReference; lastKnownFileType = wrapper.framework; name = UIKit.framework; path = System/Library/Frameworks/UIKit.framework; sourceTree = SDKROOT; };
		288765A40DF7441C002DB57D /* CoreGraphics.framework */ = {isa = PBXFileReference; lastKnownFileType = wrapper.framework; name = CoreGraphics.framework; path = System/Library/Frameworks/CoreGraphics.framework; sourceTree = SDKROOT; };
		2899E5210DE3E06400AC0155 /* ChemDrawViewController.xib */ = {isa = PBXFileReference; lastKnownFileType = file.xib; path = ChemDrawViewController.xib; sourceTree = "<group>"; };
		28AD733E0D9D9553002E5188 /* MainWindow.xib */ = {isa = PBXFileReference; lastKnownFileType = file.xib; path = MainWindow.xib; sourceTree = "<group>"; };
		28D7ACF60DDB3853001CB0EB /* ChemDrawViewController.h */ = {isa = PBXFileReference; fileEncoding = 4; lastKnownFileType = sourcecode.c.h; path = ChemDrawViewController.h; sourceTree = "<group>"; };
		28D7ACF70DDB3853001CB0EB /* ChemDrawViewController.m */ = {isa = PBXFileReference; fileEncoding = 4; lastKnownFileType = sourcecode.c.objc; path = ChemDrawViewController.m; sourceTree = "<group>"; };
		29B97316FDCFA39411CA2CEA /* main.m */ = {isa = PBXFileReference; fileEncoding = 4; lastKnownFileType = sourcecode.c.objc; path = main.m; sourceTree = "<group>"; };
		32CA4F630368D1EE00C91783 /* ChemDraw_Prefix.pch */ = {isa = PBXFileReference; fileEncoding = 4; lastKnownFileType = sourcecode.c.h; path = ChemDraw_Prefix.pch; sourceTree = "<group>"; };
		8D1107310486CEB800E47090 /* Info.plist */ = {isa = PBXFileReference; fileEncoding = 4; lastKnownFileType = text.plist.xml; path = Info.plist; sourceTree = "<group>"; };
		DE2091420FF4E840001FECDA /* DrawView.h */ = {isa = PBXFileReference; fileEncoding = 4; lastKnownFileType = sourcecode.c.h; path = DrawView.h; sourceTree = "<group>"; };
		DE2091430FF4E840001FECDA /* DrawView.m */ = {isa = PBXFileReference; fileEncoding = 4; lastKnownFileType = sourcecode.c.objc; path = DrawView.m; sourceTree = "<group>"; };
		DE2091FD0FF4F578001FECDA /* Node.h */ = {isa = PBXFileReference; fileEncoding = 4; lastKnownFileType = sourcecode.c.h; path = Node.h; sourceTree = "<group>"; };
		DE2091FE0FF4F578001FECDA /* Node.m */ = {isa = PBXFileReference; fileEncoding = 4; lastKnownFileType = sourcecode.c.objc; path = Node.m; sourceTree = "<group>"; };
		DE2093460FF50B67001FECDA /* Edge.h */ = {isa = PBXFileReference; fileEncoding = 4; lastKnownFileType = sourcecode.c.h; path = Edge.h; sourceTree = "<group>"; };
		DE2093470FF50B67001FECDA /* Edge.m */ = {isa = PBXFileReference; fileEncoding = 4; lastKnownFileType = sourcecode.c.objc; path = Edge.m; sourceTree = "<group>"; };
		DE4F4CD10FFCB05300DA8541 /* NodeMap.h */ = {isa = PBXFileReference; fileEncoding = 4; lastKnownFileType = sourcecode.c.h; path = NodeMap.h; sourceTree = "<group>"; };
		DE4F4CD20FFCB05300DA8541 /* NodeMap.m */ = {isa = PBXFileReference; fileEncoding = 4; lastKnownFileType = sourcecode.c.objc; path = NodeMap.m; sourceTree = "<group>"; };
		DE4F4CD90FFCB0A300DA8541 /* NodeMapTest.m */ = {isa = PBXFileReference; fileEncoding = 4; lastKnownFileType = sourcecode.c.objc; path = NodeMapTest.m; sourceTree = "<group>"; };
		DE4F4D4C0FFCB8D500DA8541 /* EdgeMapTest.m */ = {isa = PBXFileReference; fileEncoding = 4; lastKnownFileType = sourcecode.c.objc; path = EdgeMapTest.m; sourceTree = "<group>"; };
		DE4F4DA90FFCC68300DA8541 /* ObjectMapTest.m */ = {isa = PBXFileReference; fileEncoding = 4; lastKnownFileType = sourcecode.c.objc; path = ObjectMapTest.m; sourceTree = "<group>"; };
		DE4F4DAC0FFCC6C500DA8541 /* ObjectMap.h */ = {isa = PBXFileReference; fileEncoding = 4; lastKnownFileType = sourcecode.c.h; path = ObjectMap.h; sourceTree = "<group>"; };
		DE4F4DAD0FFCC6C500DA8541 /* ObjectMap.m */ = {isa = PBXFileReference; fileEncoding = 4; lastKnownFileType = sourcecode.c.objc; path = ObjectMap.m; sourceTree = "<group>"; };
		DE874F6E0FFA512400B1E023 /* EdgeMap.h */ = {isa = PBXFileReference; fileEncoding = 4; lastKnownFileType = sourcecode.c.h; path = EdgeMap.h; sourceTree = "<group>"; };
		DE874F6F0FFA512400B1E023 /* EdgeMap.m */ = {isa = PBXFileReference; fileEncoding = 4; lastKnownFileType = sourcecode.c.objc; path = EdgeMap.m; sourceTree = "<group>"; };
		DE874F8A0FFA592000B1E023 /* Test.octest */ = {isa = PBXFileReference; explicitFileType = wrapper.cfbundle; includeInIndex = 0; path = Test.octest; sourceTree = BUILT_PRODUCTS_DIR; };
		DE874F8B0FFA592000B1E023 /* Test-Info.plist */ = {isa = PBXFileReference; lastKnownFileType = text.plist.xml; path = "Test-Info.plist"; sourceTree = "<group>"; };
		DE874FBA0FFA596000B1E023 /* SenTestingKit.framework */ = {isa = PBXFileReference; lastKnownFileType = wrapper.framework; name = SenTestingKit.framework; path = Library/Frameworks/SenTestingKit.framework; sourceTree = DEVELOPER_DIR; };
		DE874FF10FFA67F500B1E023 /* NodeTest.m */ = {isa = PBXFileReference; fileEncoding = 4; lastKnownFileType = sourcecode.c.objc; path = NodeTest.m; sourceTree = "<group>"; };
		DED6FCBE0FFB2A93008CE1A7 /* Arithmetic.h */ = {isa = PBXFileReference; fileEncoding = 4; lastKnownFileType = sourcecode.c.h; path = Arithmetic.h; sourceTree = "<group>"; };
		DED6FCBF0FFB2A93008CE1A7 /* Arithmetic.m */ = {isa = PBXFileReference; fileEncoding = 4; lastKnownFileType = sourcecode.c.objc; path = Arithmetic.m; sourceTree = "<group>"; };
		DED6FCCD0FFB2B3B008CE1A7 /* ArithmeticTest.m */ = {isa = PBXFileReference; fileEncoding = 4; lastKnownFileType = sourcecode.c.objc; path = ArithmeticTest.m; sourceTree = "<group>"; };
		DED6FD380FFB3237008CE1A7 /* EdgeTest.m */ = {isa = PBXFileReference; fileEncoding = 4; lastKnownFileType = sourcecode.c.objc; path = EdgeTest.m; sourceTree = "<group>"; };
/* End PBXFileReference section */

/* Begin PBXFrameworksBuildPhase section */
		1D60588F0D05DD3D006BFB54 /* Frameworks */ = {
			isa = PBXFrameworksBuildPhase;
			buildActionMask = 2147483647;
			files = (
				1D60589F0D05DD5A006BFB54 /* Foundation.framework in Frameworks */,
				1DF5F4E00D08C38300B7A737 /* UIKit.framework in Frameworks */,
				288765A50DF7441C002DB57D /* CoreGraphics.framework in Frameworks */,
			);
			runOnlyForDeploymentPostprocessing = 0;
		};
		DE874F870FFA592000B1E023 /* Frameworks */ = {
			isa = PBXFrameworksBuildPhase;
			buildActionMask = 2147483647;
			files = (
				DE874FBB0FFA596100B1E023 /* SenTestingKit.framework in Frameworks */,
			);
			runOnlyForDeploymentPostprocessing = 0;
		};
/* End PBXFrameworksBuildPhase section */

/* Begin PBXGroup section */
		080E96DDFE201D6D7F000001 /* Classes */ = {
			isa = PBXGroup;
			children = (
				1D3623240D0F684500981E51 /* ChemDrawAppDelegate.h */,
				1D3623250D0F684500981E51 /* ChemDrawAppDelegate.m */,
				28D7ACF60DDB3853001CB0EB /* ChemDrawViewController.h */,
				28D7ACF70DDB3853001CB0EB /* ChemDrawViewController.m */,
				DE2091420FF4E840001FECDA /* DrawView.h */,
				DE2091430FF4E840001FECDA /* DrawView.m */,
				DE2091FD0FF4F578001FECDA /* Node.h */,
				DE2091FE0FF4F578001FECDA /* Node.m */,
				DE2093460FF50B67001FECDA /* Edge.h */,
				DE2093470FF50B67001FECDA /* Edge.m */,
				DE874F6E0FFA512400B1E023 /* EdgeMap.h */,
				DE874F6F0FFA512400B1E023 /* EdgeMap.m */,
				DED6FCBE0FFB2A93008CE1A7 /* Arithmetic.h */,
				DED6FCBF0FFB2A93008CE1A7 /* Arithmetic.m */,
				DE4F4CD10FFCB05300DA8541 /* NodeMap.h */,
				DE4F4CD20FFCB05300DA8541 /* NodeMap.m */,
				DE4F4DAC0FFCC6C500DA8541 /* ObjectMap.h */,
				DE4F4DAD0FFCC6C500DA8541 /* ObjectMap.m */,
			);
			path = Classes;
			sourceTree = "<group>";
		};
		19C28FACFE9D520D11CA2CBB /* Products */ = {
			isa = PBXGroup;
			children = (
				1D6058910D05DD3D006BFB54 /* ChemDraw.app */,
				DE874F8A0FFA592000B1E023 /* Test.octest */,
			);
			name = Products;
			sourceTree = "<group>";
		};
		29B97314FDCFA39411CA2CEA /* CustomTemplate */ = {
			isa = PBXGroup;
			children = (
				DE874FBF0FFA597200B1E023 /* Test */,
				080E96DDFE201D6D7F000001 /* Classes */,
				29B97315FDCFA39411CA2CEA /* Other Sources */,
				29B97317FDCFA39411CA2CEA /* Resources */,
				29B97323FDCFA39411CA2CEA /* Frameworks */,
				19C28FACFE9D520D11CA2CBB /* Products */,
				DE874F8B0FFA592000B1E023 /* Test-Info.plist */,
			);
			name = CustomTemplate;
			sourceTree = "<group>";
		};
		29B97315FDCFA39411CA2CEA /* Other Sources */ = {
			isa = PBXGroup;
			children = (
				32CA4F630368D1EE00C91783 /* ChemDraw_Prefix.pch */,
				29B97316FDCFA39411CA2CEA /* main.m */,
			);
			name = "Other Sources";
			sourceTree = "<group>";
		};
		29B97317FDCFA39411CA2CEA /* Resources */ = {
			isa = PBXGroup;
			children = (
				2899E5210DE3E06400AC0155 /* ChemDrawViewController.xib */,
				28AD733E0D9D9553002E5188 /* MainWindow.xib */,
				8D1107310486CEB800E47090 /* Info.plist */,
			);
			name = Resources;
			sourceTree = "<group>";
		};
		29B97323FDCFA39411CA2CEA /* Frameworks */ = {
			isa = PBXGroup;
			children = (
				DE874FBA0FFA596000B1E023 /* SenTestingKit.framework */,
				1DF5F4DF0D08C38300B7A737 /* UIKit.framework */,
				1D30AB110D05D00D00671497 /* Foundation.framework */,
				288765A40DF7441C002DB57D /* CoreGraphics.framework */,
			);
			name = Frameworks;
			sourceTree = "<group>";
		};
		DE874FBF0FFA597200B1E023 /* Test */ = {
			isa = PBXGroup;
			children = (
				DE874FF10FFA67F500B1E023 /* NodeTest.m */,
				DED6FCCD0FFB2B3B008CE1A7 /* ArithmeticTest.m */,
				DED6FD380FFB3237008CE1A7 /* EdgeTest.m */,
				DE4F4CD90FFCB0A300DA8541 /* NodeMapTest.m */,
				DE4F4D4C0FFCB8D500DA8541 /* EdgeMapTest.m */,
				DE4F4DA90FFCC68300DA8541 /* ObjectMapTest.m */,
			);
			name = Test;
			sourceTree = "<group>";
		};
/* End PBXGroup section */

/* Begin PBXNativeTarget section */
		1D6058900D05DD3D006BFB54 /* ChemDraw */ = {
			isa = PBXNativeTarget;
			buildConfigurationList = 1D6058960D05DD3E006BFB54 /* Build configuration list for PBXNativeTarget "ChemDraw" */;
			buildPhases = (
				1D60588D0D05DD3D006BFB54 /* Resources */,
				1D60588E0D05DD3D006BFB54 /* Sources */,
				1D60588F0D05DD3D006BFB54 /* Frameworks */,
			);
			buildRules = (
			);
			dependencies = (
			);
			name = ChemDraw;
			productName = ChemDraw;
			productReference = 1D6058910D05DD3D006BFB54 /* ChemDraw.app */;
			productType = "com.apple.product-type.application";
		};
		DE874F890FFA592000B1E023 /* Test */ = {
			isa = PBXNativeTarget;
			buildConfigurationList = DE874F8E0FFA592200B1E023 /* Build configuration list for PBXNativeTarget "Test" */;
			buildPhases = (
				DE874F850FFA592000B1E023 /* Resources */,
				DE874F860FFA592000B1E023 /* Sources */,
				DE874F870FFA592000B1E023 /* Frameworks */,
				DE874F880FFA592000B1E023 /* ShellScript */,
			);
			buildRules = (
			);
			dependencies = (
			);
			name = Test;
			productName = Test;
			productReference = DE874F8A0FFA592000B1E023 /* Test.octest */;
			productType = "com.apple.product-type.bundle";
		};
/* End PBXNativeTarget section */

/* Begin PBXProject section */
		29B97313FDCFA39411CA2CEA /* Project object */ = {
			isa = PBXProject;
			buildConfigurationList = C01FCF4E08A954540054247B /* Build configuration list for PBXProject "ChemDraw" */;
			compatibilityVersion = "Xcode 3.1";
			hasScannedForEncodings = 1;
			mainGroup = 29B97314FDCFA39411CA2CEA /* CustomTemplate */;
			projectDirPath = "";
			projectRoot = "";
			targets = (
				1D6058900D05DD3D006BFB54 /* ChemDraw */,
				DE874F890FFA592000B1E023 /* Test */,
			);
		};
/* End PBXProject section */

/* Begin PBXResourcesBuildPhase section */
		1D60588D0D05DD3D006BFB54 /* Resources */ = {
			isa = PBXResourcesBuildPhase;
			buildActionMask = 2147483647;
			files = (
				28AD733F0D9D9553002E5188 /* MainWindow.xib in Resources */,
				2899E5220DE3E06400AC0155 /* ChemDrawViewController.xib in Resources */,
			);
			runOnlyForDeploymentPostprocessing = 0;
		};
		DE874F850FFA592000B1E023 /* Resources */ = {
			isa = PBXResourcesBuildPhase;
			buildActionMask = 2147483647;
			files = (
			);
			runOnlyForDeploymentPostprocessing = 0;
		};
/* End PBXResourcesBuildPhase section */

/* Begin PBXShellScriptBuildPhase section */
		DE874F880FFA592000B1E023 /* ShellScript */ = {
			isa = PBXShellScriptBuildPhase;
			buildActionMask = 2147483647;
			files = (
			);
			inputPaths = (
			);
			outputPaths = (
			);
			runOnlyForDeploymentPostprocessing = 0;
			shellPath = /bin/sh;
			shellScript = "# Run the unit tests in this test bundle.\n\"${SYSTEM_DEVELOPER_DIR}/Tools/RunUnitTests\"\n";
		};
/* End PBXShellScriptBuildPhase section */

/* Begin PBXSourcesBuildPhase section */
		1D60588E0D05DD3D006BFB54 /* Sources */ = {
			isa = PBXSourcesBuildPhase;
			buildActionMask = 2147483647;
			files = (
				1D60589B0D05DD56006BFB54 /* main.m in Sources */,
				1D3623260D0F684500981E51 /* ChemDrawAppDelegate.m in Sources */,
				28D7ACF80DDB3853001CB0EB /* ChemDrawViewController.m in Sources */,
				DE2091440FF4E840001FECDA /* DrawView.m in Sources */,
				DE2091FF0FF4F578001FECDA /* Node.m in Sources */,
				DE2093480FF50B67001FECDA /* Edge.m in Sources */,
				DE874F700FFA512400B1E023 /* EdgeMap.m in Sources */,
				DED6FCC00FFB2A93008CE1A7 /* Arithmetic.m in Sources */,
				DE4F4CD40FFCB05300DA8541 /* NodeMap.m in Sources */,
				DE4F4DAE0FFCC6C500DA8541 /* ObjectMap.m in Sources */,
			);
			runOnlyForDeploymentPostprocessing = 0;
		};
		DE874F860FFA592000B1E023 /* Sources */ = {
			isa = PBXSourcesBuildPhase;
			buildActionMask = 2147483647;
			files = (
				DE874FF20FFA67F500B1E023 /* NodeTest.m in Sources */,
				DE8750160FFA690400B1E023 /* Node.m in Sources */,
				DED6FCC10FFB2A93008CE1A7 /* Arithmetic.m in Sources */,
				DED6FCCE0FFB2B3B008CE1A7 /* ArithmeticTest.m in Sources */,
				DED6FD390FFB3237008CE1A7 /* EdgeTest.m in Sources */,
				DED6FD8E0FFB37F5008CE1A7 /* Edge.m in Sources */,
				DE4F4CD30FFCB05300DA8541 /* NodeMap.m in Sources */,
				DE4F4CDB0FFCB0A300DA8541 /* NodeMapTest.m in Sources */,
				DE4F4D4D0FFCB8D500DA8541 /* EdgeMapTest.m in Sources */,
				DE4F4D5A0FFCBA7300DA8541 /* EdgeMap.m in Sources */,
				DE4F4DAA0FFCC68300DA8541 /* ObjectMapTest.m in Sources */,
				DE4F4DAF0FFCC6C500DA8541 /* ObjectMap.m in Sources */,
			);
			runOnlyForDeploymentPostprocessing = 0;
		};
/* End PBXSourcesBuildPhase section */

/* Begin XCBuildConfiguration section */
		1D6058940D05DD3E006BFB54 /* Debug */ = {
			isa = XCBuildConfiguration;
			buildSettings = {
				ALWAYS_SEARCH_USER_PATHS = NO;
				COPY_PHASE_STRIP = NO;
				GCC_DYNAMIC_NO_PIC = NO;
				GCC_OPTIMIZATION_LEVEL = 0;
				GCC_PRECOMPILE_PREFIX_HEADER = YES;
				GCC_PREFIX_HEADER = ChemDraw_Prefix.pch;
				INFOPLIST_FILE = Info.plist;
				PRODUCT_NAME = ChemDraw;
			};
			name = Debug;
		};
		1D6058950D05DD3E006BFB54 /* Release */ = {
			isa = XCBuildConfiguration;
			buildSettings = {
				ALWAYS_SEARCH_USER_PATHS = NO;
				COPY_PHASE_STRIP = YES;
				GCC_PRECOMPILE_PREFIX_HEADER = YES;
				GCC_PREFIX_HEADER = ChemDraw_Prefix.pch;
				INFOPLIST_FILE = Info.plist;
				PRODUCT_NAME = ChemDraw;
			};
			name = Release;
		};
		C01FCF4F08A954540054247B /* Debug */ = {
			isa = XCBuildConfiguration;
			buildSettings = {
				ARCHS = "$(ARCHS_STANDARD_32_BIT)";
				"CODE_SIGN_IDENTITY[sdk=iphoneos*]" = "iPhone Developer: Kevin Edwards";
				GCC_C_LANGUAGE_STANDARD = c99;
				GCC_WARN_ABOUT_RETURN_TYPE = YES;
				GCC_WARN_UNUSED_VARIABLE = YES;
				ONLY_ACTIVE_ARCH = YES;
				PREBINDING = NO;
				"PROVISIONING_PROFILE[sdk=iphoneos*]" = "168E2A24-ECBE-4116-87D0-72FA113A4B09";
				SDKROOT = iphoneos2.2.1;
			};
			name = Debug;
		};
		C01FCF5008A954540054247B /* Release */ = {
			isa = XCBuildConfiguration;
			buildSettings = {
				ARCHS = "$(ARCHS_STANDARD_32_BIT)";
				"CODE_SIGN_IDENTITY[sdk=iphoneos*]" = "iPhone Developer";
				GCC_C_LANGUAGE_STANDARD = c99;
				GCC_WARN_ABOUT_RETURN_TYPE = YES;
				GCC_WARN_UNUSED_VARIABLE = YES;
				PREBINDING = NO;
				SDKROOT = iphoneos2.2.1;
			};
			name = Release;
		};
		DE874F8C0FFA592200B1E023 /* Debug */ = {
			isa = XCBuildConfiguration;
			buildSettings = {
				ALWAYS_SEARCH_USER_PATHS = NO;
				COPY_PHASE_STRIP = NO;
				FRAMEWORK_SEARCH_PATHS = "$(DEVELOPER_LIBRARY_DIR)/Frameworks";
				GCC_DYNAMIC_NO_PIC = NO;
				GCC_ENABLE_FIX_AND_CONTINUE = NO;
				GCC_ENABLE_OBJC_EXCEPTIONS = YES;
				GCC_OPTIMIZATION_LEVEL = 0;
				INFOPLIST_FILE = "Test-Info.plist";
				OTHER_LDFLAGS = (
					"-framework",
					Foundation,
					"-framework",
					SenTestingKit,
					"-framework",
					UIKit,
				);
				PREBINDING = NO;
				PRODUCT_NAME = Test;
				WRAPPER_EXTENSION = octest;
			};
			name = Debug;
		};
		DE874F8D0FFA592200B1E023 /* Release */ = {
			isa = XCBuildConfiguration;
			buildSettings = {
				ALWAYS_SEARCH_USER_PATHS = NO;
				COPY_PHASE_STRIP = YES;
				DEBUG_INFORMATION_FORMAT = "dwarf-with-dsym";
				FRAMEWORK_SEARCH_PATHS = "$(DEVELOPER_LIBRARY_DIR)/Frameworks";
				GCC_ENABLE_FIX_AND_CONTINUE = NO;
				GCC_ENABLE_OBJC_EXCEPTIONS = YES;
				INFOPLIST_FILE = "Test-Info.plist";
				OTHER_LDFLAGS = (
					"-framework",
					Foundation,
					"-framework",
					SenTestingKit,
					"-framework",
					UIKit,
				);
				PREBINDING = NO;
				PRODUCT_NAME = Test;
				WRAPPER_EXTENSION = octest;
				ZERO_LINK = NO;
			};
			name = Release;
		};
/* End XCBuildConfiguration section */

/* Begin XCConfigurationList section */
		1D6058960D05DD3E006BFB54 /* Build configuration list for PBXNativeTarget "ChemDraw" */ = {
			isa = XCConfigurationList;
			buildConfigurations = (
				1D6058940D05DD3E006BFB54 /* Debug */,
				1D6058950D05DD3E006BFB54 /* Release */,
			);
			defaultConfigurationIsVisible = 0;
			defaultConfigurationName = Release;
		};
		C01FCF4E08A954540054247B /* Build configuration list for PBXProject "ChemDraw" */ = {
			isa = XCConfigurationList;
			buildConfigurations = (
				C01FCF4F08A954540054247B /* Debug */,
				C01FCF5008A954540054247B /* Release */,
			);
			defaultConfigurationIsVisible = 0;
			defaultConfigurationName = Release;
		};
		DE874F8E0FFA592200B1E023 /* Build configuration list for PBXNativeTarget "Test" */ = {
			isa = XCConfigurationList;
			buildConfigurations = (
				DE874F8C0FFA592200B1E023 /* Debug */,
				DE874F8D0FFA592200B1E023 /* Release */,
			);
			defaultConfigurationIsVisible = 0;
			defaultConfigurationName = Release;
		};
/* End XCConfigurationList section */
	};
	rootObject = 29B97313FDCFA39411CA2CEA /* Project object */;
}
